// !$*UTF8*$!
{
	archiveVersion = 1;
	classes = {
	};
	objectVersion = 48;
	objects = {

/* Begin PBXBuildFile section */
		45000F7F21A1D27100529C1E /* HowToUseSelectPhoto.swift in Sources */ = {isa = PBXBuildFile; fileRef = 45000F7D21A1D27100529C1E /* HowToUseSelectPhoto.swift */; };
		45000F8021A1D27100529C1E /* HowToUseSelectPhoto.xib in Resources */ = {isa = PBXBuildFile; fileRef = 45000F7E21A1D27100529C1E /* HowToUseSelectPhoto.xib */; };
		45000F8221A1FB2400529C1E /* AnimateImage.swift in Sources */ = {isa = PBXBuildFile; fileRef = 45000F8121A1FB2400529C1E /* AnimateImage.swift */; };
		450971FF214FC14500E57253 /* detectDevice.swift in Sources */ = {isa = PBXBuildFile; fileRef = 450971FE214FC14500E57253 /* detectDevice.swift */; };
		45113804210653C200FC74D9 /* CircleTransition.swift in Sources */ = {isa = PBXBuildFile; fileRef = 45113803210653C200FC74D9 /* CircleTransition.swift */; };
		4526050721A176C50009ED7B /* Pulsing.swift in Sources */ = {isa = PBXBuildFile; fileRef = 4526050621A176C50009ED7B /* Pulsing.swift */; };
		4532AD0C210F66FD00B06C0C /* WebVC.swift in Sources */ = {isa = PBXBuildFile; fileRef = 4532AD0B210F66FD00B06C0C /* WebVC.swift */; };
		453366032108FD4400791FDD /* Assets.xcassets in Resources */ = {isa = PBXBuildFile; fileRef = 453366022108FD4300791FDD /* Assets.xcassets */; };
		453C13B820F4B982009F5071 /* PopViewC.swift in Sources */ = {isa = PBXBuildFile; fileRef = 453C13B720F4B982009F5071 /* PopViewC.swift */; };
		453C13BA20F4F225009F5071 /* PhotoViewPopCell.swift in Sources */ = {isa = PBXBuildFile; fileRef = 453C13B920F4F225009F5071 /* PhotoViewPopCell.swift */; };
		454497F92198A8D000EDE1C3 /* GoogleService-Info.plist in Resources */ = {isa = PBXBuildFile; fileRef = 454497F82198A8CF00EDE1C3 /* GoogleService-Info.plist */; };
		455B263120FE242A008035DD /* PhotoJsonInfo.swift in Sources */ = {isa = PBXBuildFile; fileRef = 455B263020FE242A008035DD /* PhotoJsonInfo.swift */; };
		455BC40C219DE04500D763A8 /* HowToUsePhotoInfo.swift in Sources */ = {isa = PBXBuildFile; fileRef = 455BC40A219DE04500D763A8 /* HowToUsePhotoInfo.swift */; };
		455BC40D219DE04500D763A8 /* HowToUsePhotoInfo.xib in Resources */ = {isa = PBXBuildFile; fileRef = 455BC40B219DE04500D763A8 /* HowToUsePhotoInfo.xib */; };
		458A89A82118CAC7000F4520 /* HowToUseVC.swift in Sources */ = {isa = PBXBuildFile; fileRef = 458A89A62118CAC7000F4520 /* HowToUseVC.swift */; };
		458A89A92118CAC7000F4520 /* HowToUseVC.xib in Resources */ = {isa = PBXBuildFile; fileRef = 458A89A72118CAC7000F4520 /* HowToUseVC.xib */; };
		45977CDD20E4EFB000BA51D1 /* extention.swift in Sources */ = {isa = PBXBuildFile; fileRef = 45977CDC20E4EFB000BA51D1 /* extention.swift */; };
		459B2CEE20FB88FF009FD5A4 /* SWRevealViewController.m in Sources */ = {isa = PBXBuildFile; fileRef = 459B2CED20FB88FF009FD5A4 /* SWRevealViewController.m */; };
		459B2CF020FB92EE009FD5A4 /* ContactVC.swift in Sources */ = {isa = PBXBuildFile; fileRef = 459B2CEF20FB92EE009FD5A4 /* ContactVC.swift */; };
		459E63F720FF96CF0042C77A /* GradientView.swift in Sources */ = {isa = PBXBuildFile; fileRef = 459E63F620FF96CF0042C77A /* GradientView.swift */; };
		459E63F920FFA3B50042C77A /* icons8-user-location-50.png in Resources */ = {isa = PBXBuildFile; fileRef = 459E63F820FFA3B50042C77A /* icons8-user-location-50.png */; };
		459E63FB20FFB9290042C77A /* Utilities.swift in Sources */ = {isa = PBXBuildFile; fileRef = 459E63FA20FFB9290042C77A /* Utilities.swift */; };
		45B27EAD210BC3290074C947 /* File.swift in Sources */ = {isa = PBXBuildFile; fileRef = 45B27EAC210BC3290074C947 /* File.swift */; };
		45C3BF4F20EA45840005168D /* viewBar.swift in Sources */ = {isa = PBXBuildFile; fileRef = 45C3BF4E20EA45840005168D /* viewBar.swift */; };
		45C3BF5120EA5D1D0005168D /* RoundBtn.swift in Sources */ = {isa = PBXBuildFile; fileRef = 45C3BF5020EA5D1D0005168D /* RoundBtn.swift */; };
		45DF46FD21A2CF44002AD4CF /* Swipe.swift in Sources */ = {isa = PBXBuildFile; fileRef = 45DF46FB21A2CF44002AD4CF /* Swipe.swift */; };
		45DF46FE21A2CF44002AD4CF /* Swipe.xib in Resources */ = {isa = PBXBuildFile; fileRef = 45DF46FC21A2CF44002AD4CF /* Swipe.xib */; };
		45FE5E5520FCEF480095C6C3 /* PhotoInfoVC.swift in Sources */ = {isa = PBXBuildFile; fileRef = 45FE5E5420FCEF470095C6C3 /* PhotoInfoVC.swift */; };
		71167C981F1D498100EF4312 /* AppDelegate.swift in Sources */ = {isa = PBXBuildFile; fileRef = 71167C971F1D498100EF4312 /* AppDelegate.swift */; };
		71167C9A1F1D498100EF4312 /* MapVC.swift in Sources */ = {isa = PBXBuildFile; fileRef = 71167C991F1D498100EF4312 /* MapVC.swift */; };
		71167C9D1F1D498100EF4312 /* Main.storyboard in Resources */ = {isa = PBXBuildFile; fileRef = 71167C9B1F1D498100EF4312 /* Main.storyboard */; };
		71167CA21F1D498100EF4312 /* LaunchScreen.storyboard in Resources */ = {isa = PBXBuildFile; fileRef = 71167CA01F1D498100EF4312 /* LaunchScreen.storyboard */; };
		71167CAE1F1D632300EF4312 /* DroppablePin.swift in Sources */ = {isa = PBXBuildFile; fileRef = 71167CAD1F1D632300EF4312 /* DroppablePin.swift */; };
		71167CB21F1EA6C700EF4312 /* Constants.swift in Sources */ = {isa = PBXBuildFile; fileRef = 71167CB11F1EA6C700EF4312 /* Constants.swift */; };
		71A713761F21732F00B1BBD4 /* PopVC.swift in Sources */ = {isa = PBXBuildFile; fileRef = 71A713751F21732F00B1BBD4 /* PopVC.swift */; };
		98E88A05E4BD158A88FC7542 /* Pods_pixel_city.framework in Frameworks */ = {isa = PBXBuildFile; fileRef = AE9DFF3429D8E977FED4666A /* Pods_pixel_city.framework */; };
/* End PBXBuildFile section */

/* Begin PBXFileReference section */
		45000F7D21A1D27100529C1E /* HowToUseSelectPhoto.swift */ = {isa = PBXFileReference; lastKnownFileType = sourcecode.swift; path = HowToUseSelectPhoto.swift; sourceTree = "<group>"; };
		45000F7E21A1D27100529C1E /* HowToUseSelectPhoto.xib */ = {isa = PBXFileReference; lastKnownFileType = file.xib; path = HowToUseSelectPhoto.xib; sourceTree = "<group>"; };
		45000F8121A1FB2400529C1E /* AnimateImage.swift */ = {isa = PBXFileReference; lastKnownFileType = sourcecode.swift; path = AnimateImage.swift; sourceTree = "<group>"; };
		450971FE214FC14500E57253 /* detectDevice.swift */ = {isa = PBXFileReference; lastKnownFileType = sourcecode.swift; path = detectDevice.swift; sourceTree = "<group>"; };
		45113803210653C200FC74D9 /* CircleTransition.swift */ = {isa = PBXFileReference; lastKnownFileType = sourcecode.swift; path = CircleTransition.swift; sourceTree = "<group>"; };
		4526050621A176C50009ED7B /* Pulsing.swift */ = {isa = PBXFileReference; lastKnownFileType = sourcecode.swift; path = Pulsing.swift; sourceTree = "<group>"; };
		4532AD0B210F66FD00B06C0C /* WebVC.swift */ = {isa = PBXFileReference; lastKnownFileType = sourcecode.swift; path = WebVC.swift; sourceTree = "<group>"; };
		453366022108FD4300791FDD /* Assets.xcassets */ = {isa = PBXFileReference; lastKnownFileType = folder.assetcatalog; path = Assets.xcassets; sourceTree = "<group>"; };
		453C13B720F4B982009F5071 /* PopViewC.swift */ = {isa = PBXFileReference; lastKnownFileType = sourcecode.swift; path = PopViewC.swift; sourceTree = "<group>"; };
		453C13B920F4F225009F5071 /* PhotoViewPopCell.swift */ = {isa = PBXFileReference; lastKnownFileType = sourcecode.swift; path = PhotoViewPopCell.swift; sourceTree = "<group>"; };
		453E23E220E1137200C913AD /* pixel-city-Bridging-Header.h */ = {isa = PBXFileReference; lastKnownFileType = sourcecode.c.h; path = "pixel-city-Bridging-Header.h"; sourceTree = "<group>"; };
		454497F82198A8CF00EDE1C3 /* GoogleService-Info.plist */ = {isa = PBXFileReference; fileEncoding = 4; lastKnownFileType = text.plist.xml; path = "GoogleService-Info.plist"; sourceTree = "<group>"; };
		455B263020FE242A008035DD /* PhotoJsonInfo.swift */ = {isa = PBXFileReference; lastKnownFileType = sourcecode.swift; path = PhotoJsonInfo.swift; sourceTree = "<group>"; };
		455BC40A219DE04500D763A8 /* HowToUsePhotoInfo.swift */ = {isa = PBXFileReference; lastKnownFileType = sourcecode.swift; path = HowToUsePhotoInfo.swift; sourceTree = "<group>"; };
		455BC40B219DE04500D763A8 /* HowToUsePhotoInfo.xib */ = {isa = PBXFileReference; lastKnownFileType = file.xib; path = HowToUsePhotoInfo.xib; sourceTree = "<group>"; };
		458A89A62118CAC7000F4520 /* HowToUseVC.swift */ = {isa = PBXFileReference; lastKnownFileType = sourcecode.swift; path = HowToUseVC.swift; sourceTree = "<group>"; };
		458A89A72118CAC7000F4520 /* HowToUseVC.xib */ = {isa = PBXFileReference; lastKnownFileType = file.xib; path = HowToUseVC.xib; sourceTree = "<group>"; };
		45977CDC20E4EFB000BA51D1 /* extention.swift */ = {isa = PBXFileReference; lastKnownFileType = sourcecode.swift; path = extention.swift; sourceTree = "<group>"; };
		459B2CEC20FB88FF009FD5A4 /* SWRevealViewController.h */ = {isa = PBXFileReference; fileEncoding = 4; lastKnownFileType = sourcecode.c.h; path = SWRevealViewController.h; sourceTree = "<group>"; };
		459B2CED20FB88FF009FD5A4 /* SWRevealViewController.m */ = {isa = PBXFileReference; fileEncoding = 4; lastKnownFileType = sourcecode.c.objc; path = SWRevealViewController.m; sourceTree = "<group>"; };
		459B2CEF20FB92EE009FD5A4 /* ContactVC.swift */ = {isa = PBXFileReference; lastKnownFileType = sourcecode.swift; path = ContactVC.swift; sourceTree = "<group>"; };
		459E63F620FF96CF0042C77A /* GradientView.swift */ = {isa = PBXFileReference; fileEncoding = 4; lastKnownFileType = sourcecode.swift; path = GradientView.swift; sourceTree = "<group>"; };
		459E63F820FFA3B50042C77A /* icons8-user-location-50.png */ = {isa = PBXFileReference; lastKnownFileType = image.png; path = "icons8-user-location-50.png"; sourceTree = "<group>"; };
		459E63FA20FFB9290042C77A /* Utilities.swift */ = {isa = PBXFileReference; lastKnownFileType = sourcecode.swift; path = Utilities.swift; sourceTree = "<group>"; };
		45B27EAC210BC3290074C947 /* File.swift */ = {isa = PBXFileReference; lastKnownFileType = sourcecode.swift; path = File.swift; sourceTree = "<group>"; };
		45C3BF4E20EA45840005168D /* viewBar.swift */ = {isa = PBXFileReference; lastKnownFileType = sourcecode.swift; path = viewBar.swift; sourceTree = "<group>"; };
		45C3BF5020EA5D1D0005168D /* RoundBtn.swift */ = {isa = PBXFileReference; lastKnownFileType = sourcecode.swift; path = RoundBtn.swift; sourceTree = "<group>"; };
		45DF46FB21A2CF44002AD4CF /* Swipe.swift */ = {isa = PBXFileReference; lastKnownFileType = sourcecode.swift; path = Swipe.swift; sourceTree = "<group>"; };
		45DF46FC21A2CF44002AD4CF /* Swipe.xib */ = {isa = PBXFileReference; lastKnownFileType = file.xib; path = Swipe.xib; sourceTree = "<group>"; };
		45FE5E5420FCEF470095C6C3 /* PhotoInfoVC.swift */ = {isa = PBXFileReference; lastKnownFileType = sourcecode.swift; path = PhotoInfoVC.swift; sourceTree = "<group>"; };
		71167C941F1D498100EF4312 /* pixel-city.app */ = {isa = PBXFileReference; explicitFileType = wrapper.application; includeInIndex = 0; path = "pixel-city.app"; sourceTree = BUILT_PRODUCTS_DIR; };
		71167C971F1D498100EF4312 /* AppDelegate.swift */ = {isa = PBXFileReference; lastKnownFileType = sourcecode.swift; path = AppDelegate.swift; sourceTree = "<group>"; };
		71167C991F1D498100EF4312 /* MapVC.swift */ = {isa = PBXFileReference; lastKnownFileType = sourcecode.swift; path = MapVC.swift; sourceTree = "<group>"; };
		71167C9C1F1D498100EF4312 /* Base */ = {isa = PBXFileReference; lastKnownFileType = file.storyboard; name = Base; path = Base.lproj/Main.storyboard; sourceTree = "<group>"; };
		71167CA11F1D498100EF4312 /* Base */ = {isa = PBXFileReference; lastKnownFileType = file.storyboard; name = Base; path = Base.lproj/LaunchScreen.storyboard; sourceTree = "<group>"; };
		71167CA31F1D498100EF4312 /* Info.plist */ = {isa = PBXFileReference; lastKnownFileType = text.plist.xml; path = Info.plist; sourceTree = "<group>"; };
		71167CAD1F1D632300EF4312 /* DroppablePin.swift */ = {isa = PBXFileReference; lastKnownFileType = sourcecode.swift; path = DroppablePin.swift; sourceTree = "<group>"; };
		71167CB11F1EA6C700EF4312 /* Constants.swift */ = {isa = PBXFileReference; lastKnownFileType = sourcecode.swift; path = Constants.swift; sourceTree = "<group>"; };
		71A713751F21732F00B1BBD4 /* PopVC.swift */ = {isa = PBXFileReference; lastKnownFileType = sourcecode.swift; path = PopVC.swift; sourceTree = "<group>"; };
		AE9DFF3429D8E977FED4666A /* Pods_pixel_city.framework */ = {isa = PBXFileReference; explicitFileType = wrapper.framework; includeInIndex = 0; path = Pods_pixel_city.framework; sourceTree = BUILT_PRODUCTS_DIR; };
		BB9685C6F2EC747D30A12EB9 /* Pods-pixel-city.debug.xcconfig */ = {isa = PBXFileReference; includeInIndex = 1; lastKnownFileType = text.xcconfig; name = "Pods-pixel-city.debug.xcconfig"; path = "Pods/Target Support Files/Pods-pixel-city/Pods-pixel-city.debug.xcconfig"; sourceTree = "<group>"; };
		EC10EEBFD4E813891E40CDF8 /* Pods-pixel-city.release.xcconfig */ = {isa = PBXFileReference; includeInIndex = 1; lastKnownFileType = text.xcconfig; name = "Pods-pixel-city.release.xcconfig"; path = "Pods/Target Support Files/Pods-pixel-city/Pods-pixel-city.release.xcconfig"; sourceTree = "<group>"; };
/* End PBXFileReference section */

/* Begin PBXFrameworksBuildPhase section */
		71167C911F1D498100EF4312 /* Frameworks */ = {
			isa = PBXFrameworksBuildPhase;
			buildActionMask = 2147483647;
			files = (
				98E88A05E4BD158A88FC7542 /* Pods_pixel_city.framework in Frameworks */,
			);
			runOnlyForDeploymentPostprocessing = 0;
		};
/* End PBXFrameworksBuildPhase section */

/* Begin PBXGroup section */
		455B263220FE32AB008035DD /* service */ = {
			isa = PBXGroup;
			children = (
				459E63FA20FFB9290042C77A /* Utilities.swift */,
				450971FE214FC14500E57253 /* detectDevice.swift */,
			);
			path = service;
			sourceTree = "<group>";
		};
		458A89A52118CA9A000F4520 /* nib */ = {
			isa = PBXGroup;
			children = (
				458A89A72118CAC7000F4520 /* HowToUseVC.xib */,
				455BC40B219DE04500D763A8 /* HowToUsePhotoInfo.xib */,
				45000F7E21A1D27100529C1E /* HowToUseSelectPhoto.xib */,
				45DF46FC21A2CF44002AD4CF /* Swipe.xib */,
				458A89A62118CAC7000F4520 /* HowToUseVC.swift */,
				455BC40A219DE04500D763A8 /* HowToUsePhotoInfo.swift */,
				45000F7D21A1D27100529C1E /* HowToUseSelectPhoto.swift */,
				45DF46FB21A2CF44002AD4CF /* Swipe.swift */,
			);
			path = nib;
			sourceTree = "<group>";
		};
		45977CD920E4E81000BA51D1 /* Model */ = {
			isa = PBXGroup;
			children = (
				455B263020FE242A008035DD /* PhotoJsonInfo.swift */,
			);
			path = Model;
			sourceTree = "<group>";
		};
		459B2CEB20FB88E7009FD5A4 /* Support File */ = {
			isa = PBXGroup;
			children = (
				459B2CEC20FB88FF009FD5A4 /* SWRevealViewController.h */,
				459B2CED20FB88FF009FD5A4 /* SWRevealViewController.m */,
			);
			path = "Support File";
			sourceTree = "<group>";
		};
		45D9A6F820E27581007C1734 /* Extention */ = {
			isa = PBXGroup;
			children = (
				45977CDC20E4EFB000BA51D1 /* extention.swift */,
			);
			path = Extention;
			sourceTree = "<group>";
		};
		71167C8B1F1D498100EF4312 = {
			isa = PBXGroup;
			children = (
				71167C961F1D498100EF4312 /* pixel-city */,
				71167C951F1D498100EF4312 /* Products */,
				C14F2A7C421B17A6B0C15394 /* Pods */,
				D605C6B84CBD6EFE1F69C3B8 /* Frameworks */,
			);
			sourceTree = "<group>";
		};
		71167C951F1D498100EF4312 /* Products */ = {
			isa = PBXGroup;
			children = (
				71167C941F1D498100EF4312 /* pixel-city.app */,
			);
			name = Products;
			sourceTree = "<group>";
		};
		71167C961F1D498100EF4312 /* pixel-city */ = {
			isa = PBXGroup;
			children = (
				458A89A52118CA9A000F4520 /* nib */,
				455B263220FE32AB008035DD /* service */,
				45977CD920E4E81000BA51D1 /* Model */,
				45D9A6F820E27581007C1734 /* Extention */,
				71167CAC1F1D49D500EF4312 /* Utilities */,
				71167CAA1F1D49BB00EF4312 /* View */,
				71167CA91F1D49AE00EF4312 /* Controller */,
				459B2CEB20FB88E7009FD5A4 /* Support File */,
				71167C971F1D498100EF4312 /* AppDelegate.swift */,
				71167C9B1F1D498100EF4312 /* Main.storyboard */,
				453366022108FD4300791FDD /* Assets.xcassets */,
				453E23E220E1137200C913AD /* pixel-city-Bridging-Header.h */,
				459E63F820FFA3B50042C77A /* icons8-user-location-50.png */,
				71167CA01F1D498100EF4312 /* LaunchScreen.storyboard */,
				71167CA31F1D498100EF4312 /* Info.plist */,
				454497F82198A8CF00EDE1C3 /* GoogleService-Info.plist */,
			);
			path = "pixel-city";
			sourceTree = "<group>";
		};
		71167CA91F1D49AE00EF4312 /* Controller */ = {
			isa = PBXGroup;
			children = (
				71167C991F1D498100EF4312 /* MapVC.swift */,
				71A713751F21732F00B1BBD4 /* PopVC.swift */,
				459B2CEF20FB92EE009FD5A4 /* ContactVC.swift */,
				45FE5E5420FCEF470095C6C3 /* PhotoInfoVC.swift */,
				45B27EAC210BC3290074C947 /* File.swift */,
				4532AD0B210F66FD00B06C0C /* WebVC.swift */,
			);
			path = Controller;
			sourceTree = "<group>";
		};
		71167CAA1F1D49BB00EF4312 /* View */ = {
			isa = PBXGroup;
			children = (
				71167CAD1F1D632300EF4312 /* DroppablePin.swift */,
				459E63F620FF96CF0042C77A /* GradientView.swift */,
				45C3BF4E20EA45840005168D /* viewBar.swift */,
				45C3BF5020EA5D1D0005168D /* RoundBtn.swift */,
				453C13B720F4B982009F5071 /* PopViewC.swift */,
				453C13B920F4F225009F5071 /* PhotoViewPopCell.swift */,
				45113803210653C200FC74D9 /* CircleTransition.swift */,
				4526050621A176C50009ED7B /* Pulsing.swift */,
				45000F8121A1FB2400529C1E /* AnimateImage.swift */,
			);
			path = View;
			sourceTree = "<group>";
		};
		71167CAC1F1D49D500EF4312 /* Utilities */ = {
			isa = PBXGroup;
			children = (
				71167CB11F1EA6C700EF4312 /* Constants.swift */,
			);
			path = Utilities;
			sourceTree = "<group>";
		};
		C14F2A7C421B17A6B0C15394 /* Pods */ = {
			isa = PBXGroup;
			children = (
				BB9685C6F2EC747D30A12EB9 /* Pods-pixel-city.debug.xcconfig */,
				EC10EEBFD4E813891E40CDF8 /* Pods-pixel-city.release.xcconfig */,
			);
			name = Pods;
			sourceTree = "<group>";
		};
		D605C6B84CBD6EFE1F69C3B8 /* Frameworks */ = {
			isa = PBXGroup;
			children = (
				AE9DFF3429D8E977FED4666A /* Pods_pixel_city.framework */,
			);
			name = Frameworks;
			sourceTree = "<group>";
		};
/* End PBXGroup section */

/* Begin PBXNativeTarget section */
		71167C931F1D498100EF4312 /* pixel-city */ = {
			isa = PBXNativeTarget;
			buildConfigurationList = 71167CA61F1D498100EF4312 /* Build configuration list for PBXNativeTarget "pixel-city" */;
			buildPhases = (
				A6D77A067F3C021AEC166350 /* [CP] Check Pods Manifest.lock */,
				71167C901F1D498100EF4312 /* Sources */,
				71167C911F1D498100EF4312 /* Frameworks */,
				71167C921F1D498100EF4312 /* Resources */,
				3CF314B4FDF99DCC4FFCCC09 /* [CP] Embed Pods Frameworks */,
			);
			buildRules = (
			);
			dependencies = (
			);
			name = "pixel-city";
			productName = "pixel-city";
			productReference = 71167C941F1D498100EF4312 /* pixel-city.app */;
			productType = "com.apple.product-type.application";
		};
/* End PBXNativeTarget section */

/* Begin PBXProject section */
		71167C8C1F1D498100EF4312 /* Project object */ = {
			isa = PBXProject;
			attributes = {
				LastSwiftUpdateCheck = 0900;
				LastUpgradeCheck = 0940;
				ORGANIZATIONNAME = "Caleb Stultz";
				TargetAttributes = {
					71167C931F1D498100EF4312 = {
						CreatedOnToolsVersion = 9.0;
						LastSwiftMigration = 1000;
						ProvisioningStyle = Automatic;
					};
				};
			};
			buildConfigurationList = 71167C8F1F1D498100EF4312 /* Build configuration list for PBXProject "pixel-city" */;
			compatibilityVersion = "Xcode 8.0";
			developmentRegion = en;
			hasScannedForEncodings = 0;
			knownRegions = (
				en,
				Base,
			);
			mainGroup = 71167C8B1F1D498100EF4312;
			productRefGroup = 71167C951F1D498100EF4312 /* Products */;
			projectDirPath = "";
			projectRoot = "";
			targets = (
				71167C931F1D498100EF4312 /* pixel-city */,
			);
		};
/* End PBXProject section */

/* Begin PBXResourcesBuildPhase section */
		71167C921F1D498100EF4312 /* Resources */ = {
			isa = PBXResourcesBuildPhase;
			buildActionMask = 2147483647;
			files = (
				45DF46FE21A2CF44002AD4CF /* Swipe.xib in Resources */,
				71167CA21F1D498100EF4312 /* LaunchScreen.storyboard in Resources */,
				459E63F920FFA3B50042C77A /* icons8-user-location-50.png in Resources */,
				455BC40D219DE04500D763A8 /* HowToUsePhotoInfo.xib in Resources */,
				458A89A92118CAC7000F4520 /* HowToUseVC.xib in Resources */,
				45000F8021A1D27100529C1E /* HowToUseSelectPhoto.xib in Resources */,
				453366032108FD4400791FDD /* Assets.xcassets in Resources */,
				71167C9D1F1D498100EF4312 /* Main.storyboard in Resources */,
				454497F92198A8D000EDE1C3 /* GoogleService-Info.plist in Resources */,
			);
			runOnlyForDeploymentPostprocessing = 0;
		};
/* End PBXResourcesBuildPhase section */

/* Begin PBXShellScriptBuildPhase section */
		3CF314B4FDF99DCC4FFCCC09 /* [CP] Embed Pods Frameworks */ = {
			isa = PBXShellScriptBuildPhase;
			buildActionMask = 12;
			files = (
			);
			inputPaths = (
				"${SRCROOT}/Pods/Target Support Files/Pods-pixel-city/Pods-pixel-city-frameworks.sh",
				"${BUILT_PRODUCTS_DIR}/Alamofire/Alamofire.framework",
				"${BUILT_PRODUCTS_DIR}/AlamofireImage/AlamofireImage.framework",
				"${BUILT_PRODUCTS_DIR}/GTMSessionFetcher/GTMSessionFetcher.framework",
				"${BUILT_PRODUCTS_DIR}/GoogleToolboxForMac/GoogleToolboxForMac.framework",
				"${BUILT_PRODUCTS_DIR}/SDWebImage/SDWebImage.framework",
				"${BUILT_PRODUCTS_DIR}/SVProgressHUD/SVProgressHUD.framework",
				"${BUILT_PRODUCTS_DIR}/SwiftyJSON/SwiftyJSON.framework",
				"${BUILT_PRODUCTS_DIR}/leveldb-library/leveldb.framework",
				"${BUILT_PRODUCTS_DIR}/nanopb/nanopb.framework",
			);
			name = "[CP] Embed Pods Frameworks";
			outputPaths = (
				"${TARGET_BUILD_DIR}/${FRAMEWORKS_FOLDER_PATH}/Alamofire.framework",
				"${TARGET_BUILD_DIR}/${FRAMEWORKS_FOLDER_PATH}/AlamofireImage.framework",
				"${TARGET_BUILD_DIR}/${FRAMEWORKS_FOLDER_PATH}/GTMSessionFetcher.framework",
				"${TARGET_BUILD_DIR}/${FRAMEWORKS_FOLDER_PATH}/GoogleToolboxForMac.framework",
				"${TARGET_BUILD_DIR}/${FRAMEWORKS_FOLDER_PATH}/SDWebImage.framework",
				"${TARGET_BUILD_DIR}/${FRAMEWORKS_FOLDER_PATH}/SVProgressHUD.framework",
				"${TARGET_BUILD_DIR}/${FRAMEWORKS_FOLDER_PATH}/SwiftyJSON.framework",
				"${TARGET_BUILD_DIR}/${FRAMEWORKS_FOLDER_PATH}/leveldb.framework",
				"${TARGET_BUILD_DIR}/${FRAMEWORKS_FOLDER_PATH}/nanopb.framework",
			);
			runOnlyForDeploymentPostprocessing = 0;
			shellPath = /bin/sh;
			shellScript = "\"${SRCROOT}/Pods/Target Support Files/Pods-pixel-city/Pods-pixel-city-frameworks.sh\"\n";
			showEnvVarsInLog = 0;
		};
		A6D77A067F3C021AEC166350 /* [CP] Check Pods Manifest.lock */ = {
			isa = PBXShellScriptBuildPhase;
			buildActionMask = 12;
			files = (
			);
			inputPaths = (
				"${PODS_PODFILE_DIR_PATH}/Podfile.lock",
				"${PODS_ROOT}/Manifest.lock",
			);
			name = "[CP] Check Pods Manifest.lock";
			outputPaths = (
				"$(DERIVED_FILE_DIR)/Pods-pixel-city-checkManifestLockResult.txt",
			);
			runOnlyForDeploymentPostprocessing = 0;
			shellPath = /bin/sh;
			shellScript = "diff \"${PODS_PODFILE_DIR_PATH}/Podfile.lock\" \"${PODS_ROOT}/Manifest.lock\" > /dev/null\nif [ $? != 0 ] ; then\n    # print error to STDERR\n    echo \"error: The sandbox is not in sync with the Podfile.lock. Run 'pod install' or update your CocoaPods installation.\" >&2\n    exit 1\nfi\n# This output is used by Xcode 'outputs' to avoid re-running this script phase.\necho \"SUCCESS\" > \"${SCRIPT_OUTPUT_FILE_0}\"\n";
			showEnvVarsInLog = 0;
		};
/* End PBXShellScriptBuildPhase section */

/* Begin PBXSourcesBuildPhase section */
		71167C901F1D498100EF4312 /* Sources */ = {
			isa = PBXSourcesBuildPhase;
			buildActionMask = 2147483647;
			files = (
				455B263120FE242A008035DD /* PhotoJsonInfo.swift in Sources */,
				71A713761F21732F00B1BBD4 /* PopVC.swift in Sources */,
				459E63F720FF96CF0042C77A /* GradientView.swift in Sources */,
				45000F8221A1FB2400529C1E /* AnimateImage.swift in Sources */,
				45977CDD20E4EFB000BA51D1 /* extention.swift in Sources */,
				459B2CF020FB92EE009FD5A4 /* ContactVC.swift in Sources */,
				71167CB21F1EA6C700EF4312 /* Constants.swift in Sources */,
				45113804210653C200FC74D9 /* CircleTransition.swift in Sources */,
				45B27EAD210BC3290074C947 /* File.swift in Sources */,
				45FE5E5520FCEF480095C6C3 /* PhotoInfoVC.swift in Sources */,
				4532AD0C210F66FD00B06C0C /* WebVC.swift in Sources */,
				4526050721A176C50009ED7B /* Pulsing.swift in Sources */,
				458A89A82118CAC7000F4520 /* HowToUseVC.swift in Sources */,
				459E63FB20FFB9290042C77A /* Utilities.swift in Sources */,
				453C13B820F4B982009F5071 /* PopViewC.swift in Sources */,
				71167C9A1F1D498100EF4312 /* MapVC.swift in Sources */,
				45C3BF4F20EA45840005168D /* viewBar.swift in Sources */,
				71167CAE1F1D632300EF4312 /* DroppablePin.swift in Sources */,
				45DF46FD21A2CF44002AD4CF /* Swipe.swift in Sources */,
				459B2CEE20FB88FF009FD5A4 /* SWRevealViewController.m in Sources */,
				45C3BF5120EA5D1D0005168D /* RoundBtn.swift in Sources */,
				45000F7F21A1D27100529C1E /* HowToUseSelectPhoto.swift in Sources */,
				450971FF214FC14500E57253 /* detectDevice.swift in Sources */,
				455BC40C219DE04500D763A8 /* HowToUsePhotoInfo.swift in Sources */,
				453C13BA20F4F225009F5071 /* PhotoViewPopCell.swift in Sources */,
				71167C981F1D498100EF4312 /* AppDelegate.swift in Sources */,
			);
			runOnlyForDeploymentPostprocessing = 0;
		};
/* End PBXSourcesBuildPhase section */

/* Begin PBXVariantGroup section */
		71167C9B1F1D498100EF4312 /* Main.storyboard */ = {
			isa = PBXVariantGroup;
			children = (
				71167C9C1F1D498100EF4312 /* Base */,
			);
			name = Main.storyboard;
			sourceTree = "<group>";
		};
		71167CA01F1D498100EF4312 /* LaunchScreen.storyboard */ = {
			isa = PBXVariantGroup;
			children = (
				71167CA11F1D498100EF4312 /* Base */,
			);
			name = LaunchScreen.storyboard;
			sourceTree = "<group>";
		};
/* End PBXVariantGroup section */

/* Begin XCBuildConfiguration section */
		71167CA41F1D498100EF4312 /* Debug */ = {
			isa = XCBuildConfiguration;
			buildSettings = {
				ALWAYS_SEARCH_USER_PATHS = NO;
				CLANG_ANALYZER_NONNULL = YES;
				CLANG_ANALYZER_NUMBER_OBJECT_CONVERSION = YES_AGGRESSIVE;
				CLANG_CXX_LANGUAGE_STANDARD = "gnu++14";
				CLANG_CXX_LIBRARY = "libc++";
				CLANG_ENABLE_MODULES = YES;
				CLANG_ENABLE_OBJC_ARC = YES;
				CLANG_WARN_BLOCK_CAPTURE_AUTORELEASING = YES;
				CLANG_WARN_BOOL_CONVERSION = YES;
				CLANG_WARN_COMMA = YES;
				CLANG_WARN_CONSTANT_CONVERSION = YES;
				CLANG_WARN_DEPRECATED_OBJC_IMPLEMENTATIONS = YES;
				CLANG_WARN_DIRECT_OBJC_ISA_USAGE = YES_ERROR;
				CLANG_WARN_DOCUMENTATION_COMMENTS = YES;
				CLANG_WARN_EMPTY_BODY = YES;
				CLANG_WARN_ENUM_CONVERSION = YES;
				CLANG_WARN_INFINITE_RECURSION = YES;
				CLANG_WARN_INT_CONVERSION = YES;
				CLANG_WARN_NON_LITERAL_NULL_CONVERSION = YES;
				CLANG_WARN_OBJC_IMPLICIT_RETAIN_SELF = YES;
				CLANG_WARN_OBJC_LITERAL_CONVERSION = YES;
				CLANG_WARN_OBJC_ROOT_CLASS = YES_ERROR;
				CLANG_WARN_RANGE_LOOP_ANALYSIS = YES;
				CLANG_WARN_STRICT_PROTOTYPES = YES;
				CLANG_WARN_SUSPICIOUS_MOVE = YES;
				CLANG_WARN_UNGUARDED_AVAILABILITY = YES_AGGRESSIVE;
				CLANG_WARN_UNREACHABLE_CODE = YES;
				CLANG_WARN__DUPLICATE_METHOD_MATCH = YES;
				CODE_SIGN_IDENTITY = "iPhone Developer";
				COPY_PHASE_STRIP = NO;
				DEBUG_INFORMATION_FORMAT = dwarf;
				ENABLE_STRICT_OBJC_MSGSEND = YES;
				ENABLE_TESTABILITY = YES;
				GCC_C_LANGUAGE_STANDARD = gnu11;
				GCC_DYNAMIC_NO_PIC = NO;
				GCC_NO_COMMON_BLOCKS = YES;
				GCC_OPTIMIZATION_LEVEL = 0;
				GCC_PREPROCESSOR_DEFINITIONS = (
					"DEBUG=1",
					"$(inherited)",
				);
				GCC_WARN_64_TO_32_BIT_CONVERSION = YES;
				GCC_WARN_ABOUT_RETURN_TYPE = YES_ERROR;
				GCC_WARN_UNDECLARED_SELECTOR = YES;
				GCC_WARN_UNINITIALIZED_AUTOS = YES_AGGRESSIVE;
				GCC_WARN_UNUSED_FUNCTION = YES;
				GCC_WARN_UNUSED_VARIABLE = YES;
				IPHONEOS_DEPLOYMENT_TARGET = 11.0;
				MTL_ENABLE_DEBUG_INFO = YES;
				ONLY_ACTIVE_ARCH = YES;
				SDKROOT = iphoneos;
				SWIFT_ACTIVE_COMPILATION_CONDITIONS = DEBUG;
				SWIFT_OPTIMIZATION_LEVEL = "-Onone";
			};
			name = Debug;
		};
		71167CA51F1D498100EF4312 /* Release */ = {
			isa = XCBuildConfiguration;
			buildSettings = {
				ALWAYS_SEARCH_USER_PATHS = NO;
				CLANG_ANALYZER_NONNULL = YES;
				CLANG_ANALYZER_NUMBER_OBJECT_CONVERSION = YES_AGGRESSIVE;
				CLANG_CXX_LANGUAGE_STANDARD = "gnu++14";
				CLANG_CXX_LIBRARY = "libc++";
				CLANG_ENABLE_MODULES = YES;
				CLANG_ENABLE_OBJC_ARC = YES;
				CLANG_WARN_BLOCK_CAPTURE_AUTORELEASING = YES;
				CLANG_WARN_BOOL_CONVERSION = YES;
				CLANG_WARN_COMMA = YES;
				CLANG_WARN_CONSTANT_CONVERSION = YES;
				CLANG_WARN_DEPRECATED_OBJC_IMPLEMENTATIONS = YES;
				CLANG_WARN_DIRECT_OBJC_ISA_USAGE = YES_ERROR;
				CLANG_WARN_DOCUMENTATION_COMMENTS = YES;
				CLANG_WARN_EMPTY_BODY = YES;
				CLANG_WARN_ENUM_CONVERSION = YES;
				CLANG_WARN_INFINITE_RECURSION = YES;
				CLANG_WARN_INT_CONVERSION = YES;
				CLANG_WARN_NON_LITERAL_NULL_CONVERSION = YES;
				CLANG_WARN_OBJC_IMPLICIT_RETAIN_SELF = YES;
				CLANG_WARN_OBJC_LITERAL_CONVERSION = YES;
				CLANG_WARN_OBJC_ROOT_CLASS = YES_ERROR;
				CLANG_WARN_RANGE_LOOP_ANALYSIS = YES;
				CLANG_WARN_STRICT_PROTOTYPES = YES;
				CLANG_WARN_SUSPICIOUS_MOVE = YES;
				CLANG_WARN_UNGUARDED_AVAILABILITY = YES_AGGRESSIVE;
				CLANG_WARN_UNREACHABLE_CODE = YES;
				CLANG_WARN__DUPLICATE_METHOD_MATCH = YES;
				CODE_SIGN_IDENTITY = "iPhone Developer";
				COPY_PHASE_STRIP = NO;
				DEBUG_INFORMATION_FORMAT = "dwarf-with-dsym";
				ENABLE_NS_ASSERTIONS = NO;
				ENABLE_STRICT_OBJC_MSGSEND = YES;
				GCC_C_LANGUAGE_STANDARD = gnu11;
				GCC_NO_COMMON_BLOCKS = YES;
				GCC_WARN_64_TO_32_BIT_CONVERSION = YES;
				GCC_WARN_ABOUT_RETURN_TYPE = YES_ERROR;
				GCC_WARN_UNDECLARED_SELECTOR = YES;
				GCC_WARN_UNINITIALIZED_AUTOS = YES_AGGRESSIVE;
				GCC_WARN_UNUSED_FUNCTION = YES;
				GCC_WARN_UNUSED_VARIABLE = YES;
				IPHONEOS_DEPLOYMENT_TARGET = 11.0;
				MTL_ENABLE_DEBUG_INFO = NO;
				SDKROOT = iphoneos;
				SWIFT_OPTIMIZATION_LEVEL = "-Owholemodule";
				VALIDATE_PRODUCT = YES;
			};
			name = Release;
		};
		71167CA71F1D498100EF4312 /* Debug */ = {
			isa = XCBuildConfiguration;
			baseConfigurationReference = BB9685C6F2EC747D30A12EB9 /* Pods-pixel-city.debug.xcconfig */;
			buildSettings = {
				ASSETCATALOG_COMPILER_APPICON_NAME = AppIcon;
				CLANG_ENABLE_MODULES = YES;
				CODE_SIGN_IDENTITY = "iPhone Developer";
				CODE_SIGN_STYLE = Automatic;
				DEVELOPMENT_TEAM = UPQQD4DP7M;
				INFOPLIST_FILE = "pixel-city/Info.plist";
				IPHONEOS_DEPLOYMENT_TARGET = 10.0;
				LD_RUNPATH_SEARCH_PATHS = "$(inherited) @executable_path/Frameworks";
				PRODUCT_BUNDLE_IDENTIFIER = "com.Abdm64.pixel-city";
				PRODUCT_NAME = "$(TARGET_NAME)";
				PROVISIONING_PROFILE_SPECIFIER = "";
				SWIFT_OBJC_BRIDGING_HEADER = "pixel-city/pixel-city-Bridging-Header.h";
				SWIFT_OPTIMIZATION_LEVEL = "-Onone";
				SWIFT_VERSION = 4.0;
				TARGETED_DEVICE_FAMILY = 1;
			};
			name = Debug;
		};
		71167CA81F1D498100EF4312 /* Release */ = {
			isa = XCBuildConfiguration;
			baseConfigurationReference = EC10EEBFD4E813891E40CDF8 /* Pods-pixel-city.release.xcconfig */;
			buildSettings = {
				ASSETCATALOG_COMPILER_APPICON_NAME = AppIcon;
				CLANG_ENABLE_MODULES = YES;
				CODE_SIGN_IDENTITY = "iPhone Developer";
				CODE_SIGN_STYLE = Automatic;
				DEVELOPMENT_TEAM = UPQQD4DP7M;
				INFOPLIST_FILE = "pixel-city/Info.plist";
				IPHONEOS_DEPLOYMENT_TARGET = 10.0;
				LD_RUNPATH_SEARCH_PATHS = "$(inherited) @executable_path/Frameworks";
				PRODUCT_BUNDLE_IDENTIFIER = "com.Abdm64.pixel-city";
				PRODUCT_NAME = "$(TARGET_NAME)";
				PROVISIONING_PROFILE_SPECIFIER = "";
				SWIFT_OBJC_BRIDGING_HEADER = "pixel-city/pixel-city-Bridging-Header.h";
				SWIFT_VERSION = 4.0;
				TARGETED_DEVICE_FAMILY = 1;
			};
			name = Release;
		};
/* End XCBuildConfiguration section */

/* Begin XCConfigurationList section */
		71167C8F1F1D498100EF4312 /* Build configuration list for PBXProject "pixel-city" */ = {
			isa = XCConfigurationList;
			buildConfigurations = (
				71167CA41F1D498100EF4312 /* Debug */,
				71167CA51F1D498100EF4312 /* Release */,
			);
			defaultConfigurationIsVisible = 0;
			defaultConfigurationName = Release;
		};
		71167CA61F1D498100EF4312 /* Build configuration list for PBXNativeTarget "pixel-city" */ = {
			isa = XCConfigurationList;
			buildConfigurations = (
				71167CA71F1D498100EF4312 /* Debug */,
				71167CA81F1D498100EF4312 /* Release */,
			);
			defaultConfigurationIsVisible = 0;
			defaultConfigurationName = Release;
		};
/* End XCConfigurationList section */
	};
	rootObject = 71167C8C1F1D498100EF4312 /* Project object */;
}
